# This file is automatically @generated by Poetry 1.5.1 and should not be changed by hand.

[[package]]
name = "environs"
version = "9.5.0"
description = "simplified environment variable parsing"
optional = false
python-versions = ">=3.6"
files = [
    {file = "environs-9.5.0-py2.py3-none-any.whl", hash = "sha256:1e549569a3de49c05f856f40bce86979e7d5ffbbc4398e7f338574c220189124"},
    {file = "environs-9.5.0.tar.gz", hash = "sha256:a76307b36fbe856bdca7ee9161e6c466fd7fcffc297109a118c59b54e27e30c9"},
]

[package.dependencies]
marshmallow = ">=3.0.0"
python-dotenv = "*"

[package.extras]
dev = ["dj-database-url", "dj-email-url", "django-cache-url", "flake8 (==4.0.1)", "flake8-bugbear (==21.9.2)", "mypy (==0.910)", "pre-commit (>=2.4,<3.0)", "pytest", "tox"]
django = ["dj-database-url", "dj-email-url", "django-cache-url"]
lint = ["flake8 (==4.0.1)", "flake8-bugbear (==21.9.2)", "mypy (==0.910)", "pre-commit (>=2.4,<3.0)"]
tests = ["dj-database-url", "dj-email-url", "django-cache-url", "pytest"]

[[package]]
name = "grpcio"
version = "1.56.0"
description = "HTTP/2-based RPC framework"
optional = false
python-versions = ">=3.7"
files = [
    {file = "grpcio-1.56.0-cp310-cp310-linux_armv7l.whl", hash = "sha256:fb34ace11419f1ae321c36ccaa18d81cd3f20728cd191250be42949d6845bb2d"},
    {file = "grpcio-1.56.0-cp310-cp310-macosx_12_0_universal2.whl", hash = "sha256:008767c0aed4899e657b50f2e0beacbabccab51359eba547f860e7c55f2be6ba"},
    {file = "grpcio-1.56.0-cp310-cp310-manylinux_2_17_aarch64.whl", hash = "sha256:17f47aeb9be0da5337f9ff33ebb8795899021e6c0741ee68bd69774a7804ca86"},
    {file = "grpcio-1.56.0-cp310-cp310-manylinux_2_17_i686.manylinux2014_i686.whl", hash = "sha256:43c50d810cc26349b093bf2cfe86756ab3e9aba3e7e681d360930c1268e1399a"},
    {file = "grpcio-1.56.0-cp310-cp310-manylinux_2_17_x86_64.manylinux2014_x86_64.whl", hash = "sha256:187b8f71bad7d41eea15e0c9812aaa2b87adfb343895fffb704fb040ca731863"},
    {file = "grpcio-1.56.0-cp310-cp310-musllinux_1_1_i686.whl", hash = "sha256:881575f240eb5db72ddca4dc5602898c29bc082e0d94599bf20588fb7d1ee6a0"},
    {file = "grpcio-1.56.0-cp310-cp310-musllinux_1_1_x86_64.whl", hash = "sha256:c243b158dd7585021d16c50498c4b2ec0a64a6119967440c5ff2d8c89e72330e"},
    {file = "grpcio-1.56.0-cp310-cp310-win32.whl", hash = "sha256:8b3b2c7b5feef90bc9a5fa1c7f97637e55ec3e76460c6d16c3013952ee479cd9"},
    {file = "grpcio-1.56.0-cp310-cp310-win_amd64.whl", hash = "sha256:03a80451530fd3b8b155e0c4480434f6be669daf7ecba56f73ef98f94222ee01"},
    {file = "grpcio-1.56.0-cp311-cp311-linux_armv7l.whl", hash = "sha256:64bd3abcf9fb4a9fa4ede8d0d34686314a7075f62a1502217b227991d9ca4245"},
    {file = "grpcio-1.56.0-cp311-cp311-macosx_10_10_universal2.whl", hash = "sha256:fdc3a895791af4addbb826808d4c9c35917c59bb5c430d729f44224e51c92d61"},
    {file = "grpcio-1.56.0-cp311-cp311-manylinux_2_17_aarch64.whl", hash = "sha256:4f84a6fd4482e5fe73b297d4874b62a535bc75dc6aec8e9fe0dc88106cd40397"},
    {file = "grpcio-1.56.0-cp311-cp311-manylinux_2_17_i686.manylinux2014_i686.whl", hash = "sha256:14e70b4dda3183abea94c72d41d5930c333b21f8561c1904a372d80370592ef3"},
    {file = "grpcio-1.56.0-cp311-cp311-manylinux_2_17_x86_64.manylinux2014_x86_64.whl", hash = "sha256:6b5ce42a5ebe3e04796246ba50357f1813c44a6efe17a37f8dc7a5c470377312"},
    {file = "grpcio-1.56.0-cp311-cp311-musllinux_1_1_i686.whl", hash = "sha256:8219f17baf069fe8e42bd8ca0b312b875595e43a70cabf397be4fda488e2f27d"},
    {file = "grpcio-1.56.0-cp311-cp311-musllinux_1_1_x86_64.whl", hash = "sha256:defdd14b518e6e468466f799aaa69db0355bca8d3a5ea75fb912d28ba6f8af31"},
    {file = "grpcio-1.56.0-cp311-cp311-win32.whl", hash = "sha256:50f4daa698835accbbcc60e61e0bc29636c0156ddcafb3891c987e533a0031ba"},
    {file = "grpcio-1.56.0-cp311-cp311-win_amd64.whl", hash = "sha256:59c4e606993a47146fbeaf304b9e78c447f5b9ee5641cae013028c4cca784617"},
    {file = "grpcio-1.56.0-cp37-cp37m-linux_armv7l.whl", hash = "sha256:b1f4b6f25a87d80b28dd6d02e87d63fe1577fe6d04a60a17454e3f8077a38279"},
    {file = "grpcio-1.56.0-cp37-cp37m-macosx_10_10_universal2.whl", hash = "sha256:c2148170e01d464d41011a878088444c13413264418b557f0bdcd1bf1b674a0e"},
    {file = "grpcio-1.56.0-cp37-cp37m-manylinux_2_17_aarch64.whl", hash = "sha256:0409de787ebbf08c9d2bca2bcc7762c1efe72eada164af78b50567a8dfc7253c"},
    {file = "grpcio-1.56.0-cp37-cp37m-manylinux_2_17_i686.manylinux2014_i686.whl", hash = "sha256:66f0369d27f4c105cd21059d635860bb2ea81bd593061c45fb64875103f40e4a"},
    {file = "grpcio-1.56.0-cp37-cp37m-manylinux_2_17_x86_64.manylinux2014_x86_64.whl", hash = "sha256:38fdf5bd0a1c754ce6bf9311a3c2c7ebe56e88b8763593316b69e0e9a56af1de"},
    {file = "grpcio-1.56.0-cp37-cp37m-musllinux_1_1_i686.whl", hash = "sha256:79d4c5911d12a7aa671e5eb40cbb50a830396525014d2d6f254ea2ba180ce637"},
    {file = "grpcio-1.56.0-cp37-cp37m-musllinux_1_1_x86_64.whl", hash = "sha256:5d2fc471668a7222e213f86ef76933b18cdda6a51ea1322034478df8c6519959"},
    {file = "grpcio-1.56.0-cp37-cp37m-win_amd64.whl", hash = "sha256:991224fd485e088d3cb5e34366053691a4848a6b7112b8f5625a411305c26691"},
    {file = "grpcio-1.56.0-cp38-cp38-linux_armv7l.whl", hash = "sha256:c6f36621aabecbaff3e70c4d1d924c76c8e6a7ffec60c331893640a4af0a8037"},
    {file = "grpcio-1.56.0-cp38-cp38-macosx_10_10_universal2.whl", hash = "sha256:1eadd6de258901929223f422ffed7f8b310c0323324caf59227f9899ea1b1674"},
    {file = "grpcio-1.56.0-cp38-cp38-manylinux_2_17_aarch64.whl", hash = "sha256:72836b5a1d4f508ffbcfe35033d027859cc737972f9dddbe33fb75d687421e2e"},
    {file = "grpcio-1.56.0-cp38-cp38-manylinux_2_17_i686.manylinux2014_i686.whl", hash = "sha256:f92a99ab0c7772fb6859bf2e4f44ad30088d18f7c67b83205297bfb229e0d2cf"},
    {file = "grpcio-1.56.0-cp38-cp38-manylinux_2_17_x86_64.manylinux2014_x86_64.whl", hash = "sha256:aa08affbf672d051cd3da62303901aeb7042a2c188c03b2c2a2d346fc5e81c14"},
    {file = "grpcio-1.56.0-cp38-cp38-musllinux_1_1_i686.whl", hash = "sha256:e2db108b4c8e29c145e95b0226973a66d73ae3e3e7fae00329294af4e27f1c42"},
    {file = "grpcio-1.56.0-cp38-cp38-musllinux_1_1_x86_64.whl", hash = "sha256:8674fdbd28266d8efbcddacf4ec3643f76fe6376f73283fd63a8374c14b0ef7c"},
    {file = "grpcio-1.56.0-cp38-cp38-win32.whl", hash = "sha256:bd55f743e654fb050c665968d7ec2c33f03578a4bbb163cfce38024775ff54cc"},
    {file = "grpcio-1.56.0-cp38-cp38-win_amd64.whl", hash = "sha256:c63bc5ac6c7e646c296fed9139097ae0f0e63f36f0864d7ce431cce61fe0118a"},
    {file = "grpcio-1.56.0-cp39-cp39-linux_armv7l.whl", hash = "sha256:c0bc9dda550785d23f4f025be614b7faa8d0293e10811f0f8536cf50435b7a30"},
    {file = "grpcio-1.56.0-cp39-cp39-macosx_10_10_universal2.whl", hash = "sha256:d596408bab632ec7b947761e83ce6b3e7632e26b76d64c239ba66b554b7ee286"},
    {file = "grpcio-1.56.0-cp39-cp39-manylinux_2_17_aarch64.whl", hash = "sha256:76b6e6e1ee9bda32e6e933efd61c512e9a9f377d7c580977f090d1a9c78cca44"},
    {file = "grpcio-1.56.0-cp39-cp39-manylinux_2_17_i686.manylinux2014_i686.whl", hash = "sha256:7beb84ebd0a3f732625124b73969d12b7350c5d9d64ddf81ae739bbc63d5b1ed"},
    {file = "grpcio-1.56.0-cp39-cp39-manylinux_2_17_x86_64.manylinux2014_x86_64.whl", hash = "sha256:83ec714bbbe9b9502177c842417fde39f7a267031e01fa3cd83f1ca49688f537"},
    {file = "grpcio-1.56.0-cp39-cp39-musllinux_1_1_i686.whl", hash = "sha256:4feee75565d1b5ab09cb3a5da672b84ca7f6dd80ee07a50f5537207a9af543a4"},
    {file = "grpcio-1.56.0-cp39-cp39-musllinux_1_1_x86_64.whl", hash = "sha256:b4638a796778329cc8e142e4f57c705adb286b3ba64e00b0fa91eeb919611be8"},
    {file = "grpcio-1.56.0-cp39-cp39-win32.whl", hash = "sha256:437af5a7673bca89c4bc0a993382200592d104dd7bf55eddcd141cef91f40bab"},
    {file = "grpcio-1.56.0-cp39-cp39-win_amd64.whl", hash = "sha256:4241a1c2c76e748023c834995cd916570e7180ee478969c2d79a60ce007bc837"},
    {file = "grpcio-1.56.0.tar.gz", hash = "sha256:4c08ee21b3d10315b8dc26f6c13917b20ed574cdbed2d2d80c53d5508fdcc0f2"},
]

[package.extras]
protobuf = ["grpcio-tools (>=1.56.0)"]

[[package]]
name = "marshmallow"
version = "3.20.1"
description = "A lightweight library for converting complex datatypes to and from native Python datatypes."
optional = false
python-versions = ">=3.8"
files = [
    {file = "marshmallow-3.20.1-py3-none-any.whl", hash = "sha256:684939db93e80ad3561392f47be0230743131560a41c5110684c16e21ade0a5c"},
    {file = "marshmallow-3.20.1.tar.gz", hash = "sha256:5d2371bbe42000f2b3fb5eaa065224df7d8f8597bc19a1bbfa5bfe7fba8da889"},
]

[package.dependencies]
packaging = ">=17.0"

[package.extras]
dev = ["flake8 (==6.0.0)", "flake8-bugbear (==23.7.10)", "mypy (==1.4.1)", "pre-commit (>=2.4,<4.0)", "pytest", "pytz", "simplejson", "tox"]
docs = ["alabaster (==0.7.13)", "autodocsumm (==0.2.11)", "sphinx (==7.0.1)", "sphinx-issues (==3.0.1)", "sphinx-version-warning (==1.1.2)"]
lint = ["flake8 (==6.0.0)", "flake8-bugbear (==23.7.10)", "mypy (==1.4.1)", "pre-commit (>=2.4,<4.0)"]
tests = ["pytest", "pytz", "simplejson"]

[[package]]
name = "numpy"
version = "1.25.2"
description = "Fundamental package for array computing in Python"
optional = false
python-versions = ">=3.9"
files = [
    {file = "numpy-1.25.2-cp310-cp310-macosx_10_9_x86_64.whl", hash = "sha256:db3ccc4e37a6873045580d413fe79b68e47a681af8db2e046f1dacfa11f86eb3"},
    {file = "numpy-1.25.2-cp310-cp310-macosx_11_0_arm64.whl", hash = "sha256:90319e4f002795ccfc9050110bbbaa16c944b1c37c0baeea43c5fb881693ae1f"},
    {file = "numpy-1.25.2-cp310-cp310-manylinux_2_17_aarch64.manylinux2014_aarch64.whl", hash = "sha256:dfe4a913e29b418d096e696ddd422d8a5d13ffba4ea91f9f60440a3b759b0187"},
    {file = "numpy-1.25.2-cp310-cp310-manylinux_2_17_x86_64.manylinux2014_x86_64.whl", hash = "sha256:f08f2e037bba04e707eebf4bc934f1972a315c883a9e0ebfa8a7756eabf9e357"},
    {file = "numpy-1.25.2-cp310-cp310-musllinux_1_1_x86_64.whl", hash = "sha256:bec1e7213c7cb00d67093247f8c4db156fd03075f49876957dca4711306d39c9"},
    {file = "numpy-1.25.2-cp310-cp310-win32.whl", hash = "sha256:7dc869c0c75988e1c693d0e2d5b26034644399dd929bc049db55395b1379e044"},
    {file = "numpy-1.25.2-cp310-cp310-win_amd64.whl", hash = "sha256:834b386f2b8210dca38c71a6e0f4fd6922f7d3fcff935dbe3a570945acb1b545"},
    {file = "numpy-1.25.2-cp311-cp311-macosx_10_9_x86_64.whl", hash = "sha256:c5462d19336db4560041517dbb7759c21d181a67cb01b36ca109b2ae37d32418"},
    {file = "numpy-1.25.2-cp311-cp311-macosx_11_0_arm64.whl", hash = "sha256:c5652ea24d33585ea39eb6a6a15dac87a1206a692719ff45d53c5282e66d4a8f"},
    {file = "numpy-1.25.2-cp311-cp311-manylinux_2_17_aarch64.manylinux2014_aarch64.whl", hash = "sha256:0d60fbae8e0019865fc4784745814cff1c421df5afee233db6d88ab4f14655a2"},
    {file = "numpy-1.25.2-cp311-cp311-manylinux_2_17_x86_64.manylinux2014_x86_64.whl", hash = "sha256:60e7f0f7f6d0eee8364b9a6304c2845b9c491ac706048c7e8cf47b83123b8dbf"},
    {file = "numpy-1.25.2-cp311-cp311-musllinux_1_1_x86_64.whl", hash = "sha256:bb33d5a1cf360304754913a350edda36d5b8c5331a8237268c48f91253c3a364"},
    {file = "numpy-1.25.2-cp311-cp311-win32.whl", hash = "sha256:5883c06bb92f2e6c8181df7b39971a5fb436288db58b5a1c3967702d4278691d"},
    {file = "numpy-1.25.2-cp311-cp311-win_amd64.whl", hash = "sha256:5c97325a0ba6f9d041feb9390924614b60b99209a71a69c876f71052521d42a4"},
    {file = "numpy-1.25.2-cp39-cp39-macosx_10_9_x86_64.whl", hash = "sha256:b79e513d7aac42ae918db3ad1341a015488530d0bb2a6abcbdd10a3a829ccfd3"},
    {file = "numpy-1.25.2-cp39-cp39-macosx_11_0_arm64.whl", hash = "sha256:eb942bfb6f84df5ce05dbf4b46673ffed0d3da59f13635ea9b926af3deb76926"},
    {file = "numpy-1.25.2-cp39-cp39-manylinux_2_17_aarch64.manylinux2014_aarch64.whl", hash = "sha256:3e0746410e73384e70d286f93abf2520035250aad8c5714240b0492a7302fdca"},
    {file = "numpy-1.25.2-cp39-cp39-manylinux_2_17_x86_64.manylinux2014_x86_64.whl", hash = "sha256:d7806500e4f5bdd04095e849265e55de20d8cc4b661b038957354327f6d9b295"},
    {file = "numpy-1.25.2-cp39-cp39-musllinux_1_1_x86_64.whl", hash = "sha256:8b77775f4b7df768967a7c8b3567e309f617dd5e99aeb886fa14dc1a0791141f"},
    {file = "numpy-1.25.2-cp39-cp39-win32.whl", hash = "sha256:2792d23d62ec51e50ce4d4b7d73de8f67a2fd3ea710dcbc8563a51a03fb07b01"},
    {file = "numpy-1.25.2-cp39-cp39-win_amd64.whl", hash = "sha256:76b4115d42a7dfc5d485d358728cdd8719be33cc5ec6ec08632a5d6fca2ed380"},
    {file = "numpy-1.25.2-pp39-pypy39_pp73-macosx_10_9_x86_64.whl", hash = "sha256:1a1329e26f46230bf77b02cc19e900db9b52f398d6722ca853349a782d4cff55"},
    {file = "numpy-1.25.2-pp39-pypy39_pp73-manylinux_2_17_x86_64.manylinux2014_x86_64.whl", hash = "sha256:4c3abc71e8b6edba80a01a52e66d83c5d14433cbcd26a40c329ec7ed09f37901"},
    {file = "numpy-1.25.2-pp39-pypy39_pp73-win_amd64.whl", hash = "sha256:1b9735c27cea5d995496f46a8b1cd7b408b3f34b6d50459d9ac8fe3a20cc17bf"},
    {file = "numpy-1.25.2.tar.gz", hash = "sha256:fd608e19c8d7c55021dffd43bfe5492fab8cc105cc8986f813f8c3c048b38760"},
]

[[package]]
name = "packaging"
version = "23.1"
description = "Core utilities for Python packages"
optional = false
python-versions = ">=3.7"
files = [
    {file = "packaging-23.1-py3-none-any.whl", hash = "sha256:994793af429502c4ea2ebf6bf664629d07c1a9fe974af92966e4b8d2df7edc61"},
    {file = "packaging-23.1.tar.gz", hash = "sha256:a392980d2b6cffa644431898be54b0045151319d1e7ec34f0cfed48767dd334f"},
]

[[package]]
name = "pandas"
version = "2.0.3"
description = "Powerful data structures for data analysis, time series, and statistics"
optional = false
python-versions = ">=3.8"
files = [
    {file = "pandas-2.0.3-cp310-cp310-macosx_10_9_x86_64.whl", hash = "sha256:e4c7c9f27a4185304c7caf96dc7d91bc60bc162221152de697c98eb0b2648dd8"},
    {file = "pandas-2.0.3-cp310-cp310-macosx_11_0_arm64.whl", hash = "sha256:f167beed68918d62bffb6ec64f2e1d8a7d297a038f86d4aed056b9493fca407f"},
    {file = "pandas-2.0.3-cp310-cp310-manylinux_2_17_aarch64.manylinux2014_aarch64.whl", hash = "sha256:ce0c6f76a0f1ba361551f3e6dceaff06bde7514a374aa43e33b588ec10420183"},
    {file = "pandas-2.0.3-cp310-cp310-manylinux_2_17_x86_64.manylinux2014_x86_64.whl", hash = "sha256:ba619e410a21d8c387a1ea6e8a0e49bb42216474436245718d7f2e88a2f8d7c0"},
    {file = "pandas-2.0.3-cp310-cp310-win32.whl", hash = "sha256:3ef285093b4fe5058eefd756100a367f27029913760773c8bf1d2d8bebe5d210"},
    {file = "pandas-2.0.3-cp310-cp310-win_amd64.whl", hash = "sha256:9ee1a69328d5c36c98d8e74db06f4ad518a1840e8ccb94a4ba86920986bb617e"},
    {file = "pandas-2.0.3-cp311-cp311-macosx_10_9_x86_64.whl", hash = "sha256:b084b91d8d66ab19f5bb3256cbd5ea661848338301940e17f4492b2ce0801fe8"},
    {file = "pandas-2.0.3-cp311-cp311-macosx_11_0_arm64.whl", hash = "sha256:37673e3bdf1551b95bf5d4ce372b37770f9529743d2498032439371fc7b7eb26"},
    {file = "pandas-2.0.3-cp311-cp311-manylinux_2_17_aarch64.manylinux2014_aarch64.whl", hash = "sha256:b9cb1e14fdb546396b7e1b923ffaeeac24e4cedd14266c3497216dd4448e4f2d"},
    {file = "pandas-2.0.3-cp311-cp311-manylinux_2_17_x86_64.manylinux2014_x86_64.whl", hash = "sha256:d9cd88488cceb7635aebb84809d087468eb33551097d600c6dad13602029c2df"},
    {file = "pandas-2.0.3-cp311-cp311-win32.whl", hash = "sha256:694888a81198786f0e164ee3a581df7d505024fbb1f15202fc7db88a71d84ebd"},
    {file = "pandas-2.0.3-cp311-cp311-win_amd64.whl", hash = "sha256:6a21ab5c89dcbd57f78d0ae16630b090eec626360085a4148693def5452d8a6b"},
    {file = "pandas-2.0.3-cp38-cp38-macosx_10_9_x86_64.whl", hash = "sha256:9e4da0d45e7f34c069fe4d522359df7d23badf83abc1d1cef398895822d11061"},
    {file = "pandas-2.0.3-cp38-cp38-macosx_11_0_arm64.whl", hash = "sha256:32fca2ee1b0d93dd71d979726b12b61faa06aeb93cf77468776287f41ff8fdc5"},
    {file = "pandas-2.0.3-cp38-cp38-manylinux_2_17_aarch64.manylinux2014_aarch64.whl", hash = "sha256:258d3624b3ae734490e4d63c430256e716f488c4fcb7c8e9bde2d3aa46c29089"},
    {file = "pandas-2.0.3-cp38-cp38-manylinux_2_17_x86_64.manylinux2014_x86_64.whl", hash = "sha256:9eae3dc34fa1aa7772dd3fc60270d13ced7346fcbcfee017d3132ec625e23bb0"},
    {file = "pandas-2.0.3-cp38-cp38-win32.whl", hash = "sha256:f3421a7afb1a43f7e38e82e844e2bca9a6d793d66c1a7f9f0ff39a795bbc5e02"},
    {file = "pandas-2.0.3-cp38-cp38-win_amd64.whl", hash = "sha256:69d7f3884c95da3a31ef82b7618af5710dba95bb885ffab339aad925c3e8ce78"},
    {file = "pandas-2.0.3-cp39-cp39-macosx_10_9_x86_64.whl", hash = "sha256:5247fb1ba347c1261cbbf0fcfba4a3121fbb4029d95d9ef4dc45406620b25c8b"},
    {file = "pandas-2.0.3-cp39-cp39-macosx_11_0_arm64.whl", hash = "sha256:81af086f4543c9d8bb128328b5d32e9986e0c84d3ee673a2ac6fb57fd14f755e"},
    {file = "pandas-2.0.3-cp39-cp39-manylinux_2_17_aarch64.manylinux2014_aarch64.whl", hash = "sha256:1994c789bf12a7c5098277fb43836ce090f1073858c10f9220998ac74f37c69b"},
    {file = "pandas-2.0.3-cp39-cp39-manylinux_2_17_x86_64.manylinux2014_x86_64.whl", hash = "sha256:5ec591c48e29226bcbb316e0c1e9423622bc7a4eaf1ef7c3c9fa1a3981f89641"},
    {file = "pandas-2.0.3-cp39-cp39-win32.whl", hash = "sha256:04dbdbaf2e4d46ca8da896e1805bc04eb85caa9a82e259e8eed00254d5e0c682"},
    {file = "pandas-2.0.3-cp39-cp39-win_amd64.whl", hash = "sha256:1168574b036cd8b93abc746171c9b4f1b83467438a5e45909fed645cf8692dbc"},
    {file = "pandas-2.0.3.tar.gz", hash = "sha256:c02f372a88e0d17f36d3093a644c73cfc1788e876a7c4bcb4020a77512e2043c"},
]

[package.dependencies]
numpy = [
    {version = ">=1.21.0", markers = "python_version >= \"3.10\""},
    {version = ">=1.23.2", markers = "python_version >= \"3.11\""},
]
python-dateutil = ">=2.8.2"
pytz = ">=2020.1"
tzdata = ">=2022.1"

[package.extras]
all = ["PyQt5 (>=5.15.1)", "SQLAlchemy (>=1.4.16)", "beautifulsoup4 (>=4.9.3)", "bottleneck (>=1.3.2)", "brotlipy (>=0.7.0)", "fastparquet (>=0.6.3)", "fsspec (>=2021.07.0)", "gcsfs (>=2021.07.0)", "html5lib (>=1.1)", "hypothesis (>=6.34.2)", "jinja2 (>=3.0.0)", "lxml (>=4.6.3)", "matplotlib (>=3.6.1)", "numba (>=0.53.1)", "numexpr (>=2.7.3)", "odfpy (>=1.4.1)", "openpyxl (>=3.0.7)", "pandas-gbq (>=0.15.0)", "psycopg2 (>=2.8.6)", "pyarrow (>=7.0.0)", "pymysql (>=1.0.2)", "pyreadstat (>=1.1.2)", "pytest (>=7.3.2)", "pytest-asyncio (>=0.17.0)", "pytest-xdist (>=2.2.0)", "python-snappy (>=0.6.0)", "pyxlsb (>=1.0.8)", "qtpy (>=2.2.0)", "s3fs (>=2021.08.0)", "scipy (>=1.7.1)", "tables (>=3.6.1)", "tabulate (>=0.8.9)", "xarray (>=0.21.0)", "xlrd (>=2.0.1)", "xlsxwriter (>=1.4.3)", "zstandard (>=0.15.2)"]
aws = ["s3fs (>=2021.08.0)"]
clipboard = ["PyQt5 (>=5.15.1)", "qtpy (>=2.2.0)"]
compression = ["brotlipy (>=0.7.0)", "python-snappy (>=0.6.0)", "zstandard (>=0.15.2)"]
computation = ["scipy (>=1.7.1)", "xarray (>=0.21.0)"]
excel = ["odfpy (>=1.4.1)", "openpyxl (>=3.0.7)", "pyxlsb (>=1.0.8)", "xlrd (>=2.0.1)", "xlsxwriter (>=1.4.3)"]
feather = ["pyarrow (>=7.0.0)"]
fss = ["fsspec (>=2021.07.0)"]
gcp = ["gcsfs (>=2021.07.0)", "pandas-gbq (>=0.15.0)"]
hdf5 = ["tables (>=3.6.1)"]
html = ["beautifulsoup4 (>=4.9.3)", "html5lib (>=1.1)", "lxml (>=4.6.3)"]
mysql = ["SQLAlchemy (>=1.4.16)", "pymysql (>=1.0.2)"]
output-formatting = ["jinja2 (>=3.0.0)", "tabulate (>=0.8.9)"]
parquet = ["pyarrow (>=7.0.0)"]
performance = ["bottleneck (>=1.3.2)", "numba (>=0.53.1)", "numexpr (>=2.7.1)"]
plot = ["matplotlib (>=3.6.1)"]
postgresql = ["SQLAlchemy (>=1.4.16)", "psycopg2 (>=2.8.6)"]
spss = ["pyreadstat (>=1.1.2)"]
sql-other = ["SQLAlchemy (>=1.4.16)"]
test = ["hypothesis (>=6.34.2)", "pytest (>=7.3.2)", "pytest-asyncio (>=0.17.0)", "pytest-xdist (>=2.2.0)"]
xml = ["lxml (>=4.6.3)"]

[[package]]
name = "protobuf"
version = "4.24.0"
description = ""
optional = false
python-versions = ">=3.7"
files = [
    {file = "protobuf-4.24.0-cp310-abi3-win32.whl", hash = "sha256:81cb9c4621d2abfe181154354f63af1c41b00a4882fb230b4425cbaed65e8f52"},
    {file = "protobuf-4.24.0-cp310-abi3-win_amd64.whl", hash = "sha256:6c817cf4a26334625a1904b38523d1b343ff8b637d75d2c8790189a4064e51c3"},
    {file = "protobuf-4.24.0-cp37-abi3-macosx_10_9_universal2.whl", hash = "sha256:ae97b5de10f25b7a443b40427033e545a32b0e9dda17bcd8330d70033379b3e5"},
    {file = "protobuf-4.24.0-cp37-abi3-manylinux2014_aarch64.whl", hash = "sha256:567fe6b0647494845d0849e3d5b260bfdd75692bf452cdc9cb660d12457c055d"},
    {file = "protobuf-4.24.0-cp37-abi3-manylinux2014_x86_64.whl", hash = "sha256:a6b1ca92ccabfd9903c0c7dde8876221dc7d8d87ad5c42e095cc11b15d3569c7"},
    {file = "protobuf-4.24.0-cp37-cp37m-win32.whl", hash = "sha256:a38400a692fd0c6944c3c58837d112f135eb1ed6cdad5ca6c5763336e74f1a04"},
    {file = "protobuf-4.24.0-cp37-cp37m-win_amd64.whl", hash = "sha256:5ab19ee50037d4b663c02218a811a5e1e7bb30940c79aac385b96e7a4f9daa61"},
    {file = "protobuf-4.24.0-cp38-cp38-win32.whl", hash = "sha256:e8834ef0b4c88666ebb7c7ec18045aa0f4325481d724daa624a4cf9f28134653"},
    {file = "protobuf-4.24.0-cp38-cp38-win_amd64.whl", hash = "sha256:8bb52a2be32db82ddc623aefcedfe1e0eb51da60e18fcc908fb8885c81d72109"},
    {file = "protobuf-4.24.0-cp39-cp39-win32.whl", hash = "sha256:ae7a1835721086013de193311df858bc12cd247abe4ef9710b715d930b95b33e"},
    {file = "protobuf-4.24.0-cp39-cp39-win_amd64.whl", hash = "sha256:44825e963008f8ea0d26c51911c30d3e82e122997c3c4568fd0385dd7bacaedf"},
    {file = "protobuf-4.24.0-py3-none-any.whl", hash = "sha256:82e6e9ebdd15b8200e8423676eab38b774624d6a1ad696a60d86a2ac93f18201"},
    {file = "protobuf-4.24.0.tar.gz", hash = "sha256:5d0ceb9de6e08311832169e601d1fc71bd8e8c779f3ee38a97a78554945ecb85"},
]

[[package]]
name = "psycopg2"
version = "2.9.7"
description = "psycopg2 - Python-PostgreSQL Database Adapter"
optional = false
python-versions = ">=3.6"
files = [
    {file = "psycopg2-2.9.7-cp310-cp310-win32.whl", hash = "sha256:1a6a2d609bce44f78af4556bea0c62a5e7f05c23e5ea9c599e07678995609084"},
    {file = "psycopg2-2.9.7-cp310-cp310-win_amd64.whl", hash = "sha256:b22ed9c66da2589a664e0f1ca2465c29b75aaab36fa209d4fb916025fb9119e5"},
    {file = "psycopg2-2.9.7-cp311-cp311-win32.whl", hash = "sha256:44d93a0109dfdf22fe399b419bcd7fa589d86895d3931b01fb321d74dadc68f1"},
    {file = "psycopg2-2.9.7-cp311-cp311-win_amd64.whl", hash = "sha256:91e81a8333a0037babfc9fe6d11e997a9d4dac0f38c43074886b0d9dead94fe9"},
    {file = "psycopg2-2.9.7-cp37-cp37m-win32.whl", hash = "sha256:d1210fcf99aae6f728812d1d2240afc1dc44b9e6cba526a06fb8134f969957c2"},
    {file = "psycopg2-2.9.7-cp37-cp37m-win_amd64.whl", hash = "sha256:e9b04cbef584310a1ac0f0d55bb623ca3244c87c51187645432e342de9ae81a8"},
    {file = "psycopg2-2.9.7-cp38-cp38-win32.whl", hash = "sha256:d5c5297e2fbc8068d4255f1e606bfc9291f06f91ec31b2a0d4c536210ac5c0a2"},
    {file = "psycopg2-2.9.7-cp38-cp38-win_amd64.whl", hash = "sha256:8275abf628c6dc7ec834ea63f6f3846bf33518907a2b9b693d41fd063767a866"},
    {file = "psycopg2-2.9.7-cp39-cp39-win32.whl", hash = "sha256:c7949770cafbd2f12cecc97dea410c514368908a103acf519f2a346134caa4d5"},
    {file = "psycopg2-2.9.7-cp39-cp39-win_amd64.whl", hash = "sha256:b6bd7d9d3a7a63faae6edf365f0ed0e9b0a1aaf1da3ca146e6b043fb3eb5d723"},
    {file = "psycopg2-2.9.7.tar.gz", hash = "sha256:f00cc35bd7119f1fed17b85bd1007855194dde2cbd8de01ab8ebb17487440ad8"},
]

[[package]]
name = "pymilvus"
version = "2.2.15"
description = "Python Sdk for Milvus"
optional = false
python-versions = ">=3.7"
files = [
    {file = "pymilvus-2.2.15-py3-none-any.whl", hash = "sha256:2c086a084f7bc34c35da39f3d473e2f91ffe43fc1a88a301f222f3ad09987226"},
    {file = "pymilvus-2.2.15.tar.gz", hash = "sha256:0e618708a64088f476712dfff40c2a3818f775e4c18b6c551cf2dd5d8863063b"},
]

[package.dependencies]
environs = "<=9.5.0"
grpcio = ">=1.49.1,<=1.56.0"
pandas = ">=1.2.4"
protobuf = ">=3.20.0"
ujson = ">=2.0.0"

[[package]]
name = "python-dateutil"
version = "2.8.2"
description = "Extensions to the standard Python datetime module"
optional = false
python-versions = "!=3.0.*,!=3.1.*,!=3.2.*,>=2.7"
files = [
    {file = "python-dateutil-2.8.2.tar.gz", hash = "sha256:0123cacc1627ae19ddf3c27a5de5bd67ee4586fbdd6440d9748f8abb483d3e86"},
    {file = "python_dateutil-2.8.2-py2.py3-none-any.whl", hash = "sha256:961d03dc3453ebbc59dbdea9e4e11c5651520a876d0f4db161e8674aae935da9"},
]

[package.dependencies]
six = ">=1.5"

[[package]]
name = "python-dotenv"
version = "1.0.0"
description = "Read key-value pairs from a .env file and set them as environment variables"
optional = false
python-versions = ">=3.8"
files = [
    {file = "python-dotenv-1.0.0.tar.gz", hash = "sha256:a8df96034aae6d2d50a4ebe8216326c61c3eb64836776504fcca410e5937a3ba"},
    {file = "python_dotenv-1.0.0-py3-none-any.whl", hash = "sha256:f5971a9226b701070a4bf2c38c89e5a3f0d64de8debda981d1db98583009122a"},
]

[package.extras]
cli = ["click (>=5.0)"]

[[package]]
name = "pytz"
version = "2023.3"
description = "World timezone definitions, modern and historical"
optional = false
python-versions = "*"
files = [
    {file = "pytz-2023.3-py2.py3-none-any.whl", hash = "sha256:a151b3abb88eda1d4e34a9814df37de2a80e301e68ba0fd856fb9b46bfbbbffb"},
    {file = "pytz-2023.3.tar.gz", hash = "sha256:1d8ce29db189191fb55338ee6d0387d82ab59f3d00eac103412d64e0ebd0c588"},
]

[[package]]
name = "six"
version = "1.16.0"
description = "Python 2 and 3 compatibility utilities"
optional = false
python-versions = ">=2.7, !=3.0.*, !=3.1.*, !=3.2.*"
files = [
    {file = "six-1.16.0-py2.py3-none-any.whl", hash = "sha256:8abb2f1d86890a2dfb989f9a77cfcfd3e47c2a354b01111771326f8aa26e0254"},
    {file = "six-1.16.0.tar.gz", hash = "sha256:1e61c37477a1626458e36f7b1d82aa5c9b094fa4802892072e49de9c60c4c926"},
]

[[package]]
name = "tzdata"
version = "2023.3"
description = "Provider of IANA time zone data"
optional = false
python-versions = ">=2"
files = [
    {file = "tzdata-2023.3-py2.py3-none-any.whl", hash = "sha256:7e65763eef3120314099b6939b5546db7adce1e7d6f2e179e3df563c70511eda"},
    {file = "tzdata-2023.3.tar.gz", hash = "sha256:11ef1e08e54acb0d4f95bdb1be05da659673de4acbd21bf9c69e94cc5e907a3a"},
]

[[package]]
name = "ujson"
version = "5.8.0"
description = "Ultra fast JSON encoder and decoder for Python"
optional = false
python-versions = ">=3.8"
files = [
    {file = "ujson-5.8.0-cp310-cp310-macosx_10_9_x86_64.whl", hash = "sha256:f4511560d75b15ecb367eef561554959b9d49b6ec3b8d5634212f9fed74a6df1"},
    {file = "ujson-5.8.0-cp310-cp310-macosx_11_0_arm64.whl", hash = "sha256:9399eaa5d1931a0ead49dce3ffacbea63f3177978588b956036bfe53cdf6af75"},
    {file = "ujson-5.8.0-cp310-cp310-manylinux_2_17_aarch64.manylinux2014_aarch64.whl", hash = "sha256:c4e7bb7eba0e1963f8b768f9c458ecb193e5bf6977090182e2b4f4408f35ac76"},
    {file = "ujson-5.8.0-cp310-cp310-manylinux_2_17_x86_64.manylinux2014_x86_64.whl", hash = "sha256:40931d7c08c4ce99adc4b409ddb1bbb01635a950e81239c2382cfe24251b127a"},
    {file = "ujson-5.8.0-cp310-cp310-manylinux_2_5_i686.manylinux1_i686.manylinux_2_17_i686.manylinux2014_i686.whl", hash = "sha256:d53039d39de65360e924b511c7ca1a67b0975c34c015dd468fca492b11caa8f7"},
    {file = "ujson-5.8.0-cp310-cp310-musllinux_1_1_aarch64.whl", hash = "sha256:bdf04c6af3852161be9613e458a1fb67327910391de8ffedb8332e60800147a2"},
    {file = "ujson-5.8.0-cp310-cp310-musllinux_1_1_i686.whl", hash = "sha256:a70f776bda2e5072a086c02792c7863ba5833d565189e09fabbd04c8b4c3abba"},
    {file = "ujson-5.8.0-cp310-cp310-musllinux_1_1_x86_64.whl", hash = "sha256:f26629ac531d712f93192c233a74888bc8b8212558bd7d04c349125f10199fcf"},
    {file = "ujson-5.8.0-cp310-cp310-win32.whl", hash = "sha256:7ecc33b107ae88405aebdb8d82c13d6944be2331ebb04399134c03171509371a"},
    {file = "ujson-5.8.0-cp310-cp310-win_amd64.whl", hash = "sha256:3b27a8da7a080add559a3b73ec9ebd52e82cc4419f7c6fb7266e62439a055ed0"},
    {file = "ujson-5.8.0-cp311-cp311-macosx_10_9_x86_64.whl", hash = "sha256:193349a998cd821483a25f5df30b44e8f495423840ee11b3b28df092ddfd0f7f"},
    {file = "ujson-5.8.0-cp311-cp311-macosx_11_0_arm64.whl", hash = "sha256:4ddeabbc78b2aed531f167d1e70387b151900bc856d61e9325fcdfefb2a51ad8"},
    {file = "ujson-5.8.0-cp311-cp311-manylinux_2_17_aarch64.manylinux2014_aarch64.whl", hash = "sha256:5ce24909a9c25062e60653073dd6d5e6ec9d6ad7ed6e0069450d5b673c854405"},
    {file = "ujson-5.8.0-cp311-cp311-manylinux_2_17_x86_64.manylinux2014_x86_64.whl", hash = "sha256:27a2a3c7620ebe43641e926a1062bc04e92dbe90d3501687957d71b4bdddaec4"},
    {file = "ujson-5.8.0-cp311-cp311-manylinux_2_5_i686.manylinux1_i686.manylinux_2_17_i686.manylinux2014_i686.whl", hash = "sha256:2b852bdf920fe9f84e2a2c210cc45f1b64f763b4f7d01468b33f7791698e455e"},
    {file = "ujson-5.8.0-cp311-cp311-musllinux_1_1_aarch64.whl", hash = "sha256:20768961a6a706170497129960762ded9c89fb1c10db2989c56956b162e2a8a3"},
    {file = "ujson-5.8.0-cp311-cp311-musllinux_1_1_i686.whl", hash = "sha256:e0147d41e9fb5cd174207c4a2895c5e24813204499fd0839951d4c8784a23bf5"},
    {file = "ujson-5.8.0-cp311-cp311-musllinux_1_1_x86_64.whl", hash = "sha256:e3673053b036fd161ae7a5a33358ccae6793ee89fd499000204676baafd7b3aa"},
    {file = "ujson-5.8.0-cp311-cp311-win32.whl", hash = "sha256:a89cf3cd8bf33a37600431b7024a7ccf499db25f9f0b332947fbc79043aad879"},
    {file = "ujson-5.8.0-cp311-cp311-win_amd64.whl", hash = "sha256:3659deec9ab9eb19e8646932bfe6fe22730757c4addbe9d7d5544e879dc1b721"},
    {file = "ujson-5.8.0-cp312-cp312-macosx_10_9_x86_64.whl", hash = "sha256:102bf31c56f59538cccdfec45649780ae00657e86247c07edac434cb14d5388c"},
    {file = "ujson-5.8.0-cp312-cp312-macosx_11_0_arm64.whl", hash = "sha256:299a312c3e85edee1178cb6453645217ba23b4e3186412677fa48e9a7f986de6"},
    {file = "ujson-5.8.0-cp312-cp312-manylinux_2_17_aarch64.manylinux2014_aarch64.whl", hash = "sha256:f2e385a7679b9088d7bc43a64811a7713cc7c33d032d020f757c54e7d41931ae"},
    {file = "ujson-5.8.0-cp312-cp312-manylinux_2_17_x86_64.manylinux2014_x86_64.whl", hash = "sha256:ad24ec130855d4430a682c7a60ca0bc158f8253ec81feed4073801f6b6cb681b"},
    {file = "ujson-5.8.0-cp312-cp312-manylinux_2_5_i686.manylinux1_i686.manylinux_2_17_i686.manylinux2014_i686.whl", hash = "sha256:16fde596d5e45bdf0d7de615346a102510ac8c405098e5595625015b0d4b5296"},
    {file = "ujson-5.8.0-cp312-cp312-musllinux_1_1_aarch64.whl", hash = "sha256:6d230d870d1ce03df915e694dcfa3f4e8714369cce2346686dbe0bc8e3f135e7"},
    {file = "ujson-5.8.0-cp312-cp312-musllinux_1_1_i686.whl", hash = "sha256:9571de0c53db5cbc265945e08f093f093af2c5a11e14772c72d8e37fceeedd08"},
    {file = "ujson-5.8.0-cp312-cp312-musllinux_1_1_x86_64.whl", hash = "sha256:7cba16b26efe774c096a5e822e4f27097b7c81ed6fb5264a2b3f5fd8784bab30"},
    {file = "ujson-5.8.0-cp312-cp312-win32.whl", hash = "sha256:48c7d373ff22366eecfa36a52b9b55b0ee5bd44c2b50e16084aa88b9de038916"},
    {file = "ujson-5.8.0-cp312-cp312-win_amd64.whl", hash = "sha256:5ac97b1e182d81cf395ded620528c59f4177eee024b4b39a50cdd7b720fdeec6"},
    {file = "ujson-5.8.0-cp38-cp38-macosx_10_9_x86_64.whl", hash = "sha256:2a64cc32bb4a436e5813b83f5aab0889927e5ea1788bf99b930fad853c5625cb"},
    {file = "ujson-5.8.0-cp38-cp38-macosx_11_0_arm64.whl", hash = "sha256:e54578fa8838ddc722539a752adfce9372474114f8c127bb316db5392d942f8b"},
    {file = "ujson-5.8.0-cp38-cp38-manylinux_2_17_aarch64.manylinux2014_aarch64.whl", hash = "sha256:9721cd112b5e4687cb4ade12a7b8af8b048d4991227ae8066d9c4b3a6642a582"},
    {file = "ujson-5.8.0-cp38-cp38-manylinux_2_17_x86_64.manylinux2014_x86_64.whl", hash = "sha256:9d9707e5aacf63fb919f6237d6490c4e0244c7f8d3dc2a0f84d7dec5db7cb54c"},
    {file = "ujson-5.8.0-cp38-cp38-manylinux_2_5_i686.manylinux1_i686.manylinux_2_17_i686.manylinux2014_i686.whl", hash = "sha256:0be81bae295f65a6896b0c9030b55a106fb2dec69ef877253a87bc7c9c5308f7"},
    {file = "ujson-5.8.0-cp38-cp38-musllinux_1_1_aarch64.whl", hash = "sha256:ae7f4725c344bf437e9b881019c558416fe84ad9c6b67426416c131ad577df67"},
    {file = "ujson-5.8.0-cp38-cp38-musllinux_1_1_i686.whl", hash = "sha256:9ab282d67ef3097105552bf151438b551cc4bedb3f24d80fada830f2e132aeb9"},
    {file = "ujson-5.8.0-cp38-cp38-musllinux_1_1_x86_64.whl", hash = "sha256:94c7bd9880fa33fcf7f6d7f4cc032e2371adee3c5dba2922b918987141d1bf07"},
    {file = "ujson-5.8.0-cp38-cp38-win32.whl", hash = "sha256:bf5737dbcfe0fa0ac8fa599eceafae86b376492c8f1e4b84e3adf765f03fb564"},
    {file = "ujson-5.8.0-cp38-cp38-win_amd64.whl", hash = "sha256:11da6bed916f9bfacf13f4fc6a9594abd62b2bb115acfb17a77b0f03bee4cfd5"},
    {file = "ujson-5.8.0-cp39-cp39-macosx_10_9_x86_64.whl", hash = "sha256:69b3104a2603bab510497ceabc186ba40fef38ec731c0ccaa662e01ff94a985c"},
    {file = "ujson-5.8.0-cp39-cp39-macosx_11_0_arm64.whl", hash = "sha256:9249fdefeb021e00b46025e77feed89cd91ffe9b3a49415239103fc1d5d9c29a"},
    {file = "ujson-5.8.0-cp39-cp39-manylinux_2_17_aarch64.manylinux2014_aarch64.whl", hash = "sha256:2873d196725a8193f56dde527b322c4bc79ed97cd60f1d087826ac3290cf9207"},
    {file = "ujson-5.8.0-cp39-cp39-manylinux_2_17_x86_64.manylinux2014_x86_64.whl", hash = "sha256:6a4dafa9010c366589f55afb0fd67084acd8added1a51251008f9ff2c3e44042"},
    {file = "ujson-5.8.0-cp39-cp39-manylinux_2_5_i686.manylinux1_i686.manylinux_2_17_i686.manylinux2014_i686.whl", hash = "sha256:7a42baa647a50fa8bed53d4e242be61023bd37b93577f27f90ffe521ac9dc7a3"},
    {file = "ujson-5.8.0-cp39-cp39-musllinux_1_1_aarch64.whl", hash = "sha256:f3554eaadffe416c6f543af442066afa6549edbc34fe6a7719818c3e72ebfe95"},
    {file = "ujson-5.8.0-cp39-cp39-musllinux_1_1_i686.whl", hash = "sha256:fb87decf38cc82bcdea1d7511e73629e651bdec3a43ab40985167ab8449b769c"},
    {file = "ujson-5.8.0-cp39-cp39-musllinux_1_1_x86_64.whl", hash = "sha256:407d60eb942c318482bbfb1e66be093308bb11617d41c613e33b4ce5be789adc"},
    {file = "ujson-5.8.0-cp39-cp39-win32.whl", hash = "sha256:0fe1b7edaf560ca6ab023f81cbeaf9946a240876a993b8c5a21a1c539171d903"},
    {file = "ujson-5.8.0-cp39-cp39-win_amd64.whl", hash = "sha256:3f9b63530a5392eb687baff3989d0fb5f45194ae5b1ca8276282fb647f8dcdb3"},
    {file = "ujson-5.8.0-pp38-pypy38_pp73-macosx_10_9_x86_64.whl", hash = "sha256:efeddf950fb15a832376c0c01d8d7713479fbeceaed1eaecb2665aa62c305aec"},
    {file = "ujson-5.8.0-pp38-pypy38_pp73-manylinux_2_17_aarch64.manylinux2014_aarch64.whl", hash = "sha256:7d8283ac5d03e65f488530c43d6610134309085b71db4f675e9cf5dff96a8282"},
    {file = "ujson-5.8.0-pp38-pypy38_pp73-manylinux_2_17_x86_64.manylinux2014_x86_64.whl", hash = "sha256:eb0142f6f10f57598655340a3b2c70ed4646cbe674191da195eb0985a9813b83"},
    {file = "ujson-5.8.0-pp38-pypy38_pp73-manylinux_2_5_i686.manylinux1_i686.manylinux_2_17_i686.manylinux2014_i686.whl", hash = "sha256:07d459aca895eb17eb463b00441986b021b9312c6c8cc1d06880925c7f51009c"},
    {file = "ujson-5.8.0-pp38-pypy38_pp73-win_amd64.whl", hash = "sha256:d524a8c15cfc863705991d70bbec998456a42c405c291d0f84a74ad7f35c5109"},
    {file = "ujson-5.8.0-pp39-pypy39_pp73-macosx_10_9_x86_64.whl", hash = "sha256:d6f84a7a175c75beecde53a624881ff618e9433045a69fcfb5e154b73cdaa377"},
    {file = "ujson-5.8.0-pp39-pypy39_pp73-manylinux_2_17_aarch64.manylinux2014_aarch64.whl", hash = "sha256:b748797131ac7b29826d1524db1cc366d2722ab7afacc2ce1287cdafccddbf1f"},
    {file = "ujson-5.8.0-pp39-pypy39_pp73-manylinux_2_17_x86_64.manylinux2014_x86_64.whl", hash = "sha256:2e72ba76313d48a1a3a42e7dc9d1db32ea93fac782ad8dde6f8b13e35c229130"},
    {file = "ujson-5.8.0-pp39-pypy39_pp73-manylinux_2_5_i686.manylinux1_i686.manylinux_2_17_i686.manylinux2014_i686.whl", hash = "sha256:f504117a39cb98abba4153bf0b46b4954cc5d62f6351a14660201500ba31fe7f"},
    {file = "ujson-5.8.0-pp39-pypy39_pp73-win_amd64.whl", hash = "sha256:a8c91b6f4bf23f274af9002b128d133b735141e867109487d17e344d38b87d94"},
    {file = "ujson-5.8.0.tar.gz", hash = "sha256:78e318def4ade898a461b3d92a79f9441e7e0e4d2ad5419abed4336d702c7425"},
]

[metadata]
lock-version = "2.0"
python-versions = "^3.10"
content-hash = "d14c5e631bf8a2d257a930989bd7b0e6ab0f275cd8866ded47916eb75ffe98a5"
